// !$*UTF8*$!
{
	archiveVersion = 1;
	classes = {
	};
	objectVersion = 52;
	objects = {

/* Begin PBXBuildFile section */
		8845BD7A25C46965002AEC45 /* FirestoreCodableSamplesApp.swift in Sources */ = {isa = PBXBuildFile; fileRef = 8845BD7925C46965002AEC45 /* FirestoreCodableSamplesApp.swift */; };
		8845BD7C25C46965002AEC45 /* FetchSingleBookView.swift in Sources */ = {isa = PBXBuildFile; fileRef = 8845BD7B25C46965002AEC45 /* FetchSingleBookView.swift */; };
		8845BD7E25C46967002AEC45 /* Assets.xcassets in Resources */ = {isa = PBXBuildFile; fileRef = 8845BD7D25C46967002AEC45 /* Assets.xcassets */; };
		8845BD8125C46967002AEC45 /* Preview Assets.xcassets in Resources */ = {isa = PBXBuildFile; fileRef = 8845BD8025C46967002AEC45 /* Preview Assets.xcassets */; };
		887DD2A925C47675003F7A99 /* BookViewModel.swift in Sources */ = {isa = PBXBuildFile; fileRef = 887DD2A825C47675003F7A99 /* BookViewModel.swift */; };
		887DD2AF25C479FD003F7A99 /* FirebaseFirestoreSwift-Beta in Frameworks */ = {isa = PBXBuildFile; productRef = 887DD2AE25C479FD003F7A99 /* FirebaseFirestoreSwift-Beta */; };
		887DD2B425C47A23003F7A99 /* Book.swift in Sources */ = {isa = PBXBuildFile; fileRef = 887DD2B325C47A23003F7A99 /* Book.swift */; };
		888F881425C46A9C00DCE039 /* GoogleService-Info.plist in Resources */ = {isa = PBXBuildFile; fileRef = 888F881325C46A9C00DCE039 /* GoogleService-Info.plist */; };
/* End PBXBuildFile section */

/* Begin PBXFileReference section */
		8845BD7625C46965002AEC45 /* FirestoreCodableSamples.app */ = {isa = PBXFileReference; explicitFileType = wrapper.application; includeInIndex = 0; path = FirestoreCodableSamples.app; sourceTree = BUILT_PRODUCTS_DIR; };
		8845BD7925C46965002AEC45 /* FirestoreCodableSamplesApp.swift */ = {isa = PBXFileReference; lastKnownFileType = sourcecode.swift; path = FirestoreCodableSamplesApp.swift; sourceTree = "<group>"; };
		8845BD7B25C46965002AEC45 /* FetchSingleBookView.swift */ = {isa = PBXFileReference; lastKnownFileType = sourcecode.swift; path = FetchSingleBookView.swift; sourceTree = "<group>"; };
		8845BD7D25C46967002AEC45 /* Assets.xcassets */ = {isa = PBXFileReference; lastKnownFileType = folder.assetcatalog; path = Assets.xcassets; sourceTree = "<group>"; };
		8845BD8025C46967002AEC45 /* Preview Assets.xcassets */ = {isa = PBXFileReference; lastKnownFileType = folder.assetcatalog; path = "Preview Assets.xcassets"; sourceTree = "<group>"; };
		8845BD8225C46967002AEC45 /* Info.plist */ = {isa = PBXFileReference; lastKnownFileType = text.plist.xml; path = Info.plist; sourceTree = "<group>"; };
		887DD2A825C47675003F7A99 /* BookViewModel.swift */ = {isa = PBXFileReference; lastKnownFileType = sourcecode.swift; path = BookViewModel.swift; sourceTree = "<group>"; };
		887DD2B325C47A23003F7A99 /* Book.swift */ = {isa = PBXFileReference; lastKnownFileType = sourcecode.swift; path = Book.swift; sourceTree = "<group>"; };
		888F881325C46A9C00DCE039 /* GoogleService-Info.plist */ = {isa = PBXFileReference; fileEncoding = 4; lastKnownFileType = text.plist.xml; path = "GoogleService-Info.plist"; sourceTree = "<group>"; };
/* End PBXFileReference section */

/* Begin PBXFrameworksBuildPhase section */
		8845BD7325C46965002AEC45 /* Frameworks */ = {
			isa = PBXFrameworksBuildPhase;
			buildActionMask = 2147483647;
			files = (
				887DD2AF25C479FD003F7A99 /* FirebaseFirestoreSwift-Beta in Frameworks */,
			);
			runOnlyForDeploymentPostprocessing = 0;
		};
/* End PBXFrameworksBuildPhase section */

/* Begin PBXGroup section */
		8845BD6D25C46965002AEC45 = {
			isa = PBXGroup;
			children = (
				8845BD7825C46965002AEC45 /* FirestoreCodableSamples */,
				8845BD7725C46965002AEC45 /* Products */,
				887DD2AD25C479FD003F7A99 /* Frameworks */,
			);
			sourceTree = "<group>";
		};
		8845BD7725C46965002AEC45 /* Products */ = {
			isa = PBXGroup;
			children = (
				8845BD7625C46965002AEC45 /* FirestoreCodableSamples.app */,
			);
			name = Products;
			sourceTree = "<group>";
		};
		8845BD7825C46965002AEC45 /* FirestoreCodableSamples */ = {
			isa = PBXGroup;
			children = (
				887DD2B125C47A14003F7A99 /* Models */,
				887DD2BA25C482D1003F7A99 /* Views */,
				887DD2B725C47E79003F7A99 /* ViewModels */,
				8845BD7925C46965002AEC45 /* FirestoreCodableSamplesApp.swift */,
				8845BD7D25C46967002AEC45 /* Assets.xcassets */,
				8845BD8225C46967002AEC45 /* Info.plist */,
				888F881325C46A9C00DCE039 /* GoogleService-Info.plist */,
				8845BD7F25C46967002AEC45 /* Preview Content */,
			);
			path = FirestoreCodableSamples;
			sourceTree = "<group>";
		};
		8845BD7F25C46967002AEC45 /* Preview Content */ = {
			isa = PBXGroup;
			children = (
				8845BD8025C46967002AEC45 /* Preview Assets.xcassets */,
			);
			path = "Preview Content";
			sourceTree = "<group>";
		};
		887DD2AD25C479FD003F7A99 /* Frameworks */ = {
			isa = PBXGroup;
			children = (
			);
			name = Frameworks;
			sourceTree = "<group>";
		};
		887DD2B125C47A14003F7A99 /* Models */ = {
			isa = PBXGroup;
			children = (
				887DD2B325C47A23003F7A99 /* Book.swift */,
			);
			path = Models;
			sourceTree = "<group>";
		};
		887DD2B725C47E79003F7A99 /* ViewModels */ = {
			isa = PBXGroup;
			children = (
				887DD2A825C47675003F7A99 /* BookViewModel.swift */,
			);
			path = ViewModels;
			sourceTree = "<group>";
		};
		887DD2BA25C482D1003F7A99 /* Views */ = {
			isa = PBXGroup;
			children = (
				8845BD7B25C46965002AEC45 /* FetchSingleBookView.swift */,
			);
			path = Views;
			sourceTree = "<group>";
		};
/* End PBXGroup section */

/* Begin PBXNativeTarget section */
		8845BD7525C46965002AEC45 /* FirestoreCodableSamples */ = {
			isa = PBXNativeTarget;
			buildConfigurationList = 8845BD8525C46967002AEC45 /* Build configuration list for PBXNativeTarget "FirestoreCodableSamples" */;
			buildPhases = (
				8845BD7225C46965002AEC45 /* Sources */,
				8845BD7325C46965002AEC45 /* Frameworks */,
				8845BD7425C46965002AEC45 /* Resources */,
			);
			buildRules = (
			);
			dependencies = (
			);
			name = FirestoreCodableSamples;
			packageProductDependencies = (
				887DD2AE25C479FD003F7A99 /* FirebaseFirestoreSwift-Beta */,
			);
			productName = FirestoreCodableSamples;
			productReference = 8845BD7625C46965002AEC45 /* FirestoreCodableSamples.app */;
			productType = "com.apple.product-type.application";
		};
/* End PBXNativeTarget section */

/* Begin PBXProject section */
		8845BD6E25C46965002AEC45 /* Project object */ = {
			isa = PBXProject;
			attributes = {
				LastSwiftUpdateCheck = 1240;
				LastUpgradeCheck = 1240;
				TargetAttributes = {
					8845BD7525C46965002AEC45 = {
						CreatedOnToolsVersion = 12.4;
					};
				};
			};
			buildConfigurationList = 8845BD7125C46965002AEC45 /* Build configuration list for PBXProject "FirestoreCodableSamples" */;
			compatibilityVersion = "Xcode 9.3";
			developmentRegion = en;
			hasScannedForEncodings = 0;
			knownRegions = (
				en,
				Base,
			);
			mainGroup = 8845BD6D25C46965002AEC45;
			packageReferences = (
				887DD2AB25C479C4003F7A99 /* XCRemoteSwiftPackageReference "firebase-ios-sdk" */,
			);
			productRefGroup = 8845BD7725C46965002AEC45 /* Products */;
			projectDirPath = "";
			projectRoot = "";
			targets = (
				8845BD7525C46965002AEC45 /* FirestoreCodableSamples */,
			);
		};
/* End PBXProject section */

/* Begin PBXResourcesBuildPhase section */
		8845BD7425C46965002AEC45 /* Resources */ = {
			isa = PBXResourcesBuildPhase;
			buildActionMask = 2147483647;
			files = (
				888F881425C46A9C00DCE039 /* GoogleService-Info.plist in Resources */,
				8845BD8125C46967002AEC45 /* Preview Assets.xcassets in Resources */,
				8845BD7E25C46967002AEC45 /* Assets.xcassets in Resources */,
			);
			runOnlyForDeploymentPostprocessing = 0;
		};
/* End PBXResourcesBuildPhase section */

/* Begin PBXSourcesBuildPhase section */
		8845BD7225C46965002AEC45 /* Sources */ = {
			isa = PBXSourcesBuildPhase;
			buildActionMask = 2147483647;
			files = (
				8845BD7C25C46965002AEC45 /* FetchSingleBookView.swift in Sources */,
				887DD2A925C47675003F7A99 /* BookViewModel.swift in Sources */,
				887DD2B425C47A23003F7A99 /* Book.swift in Sources */,
				8845BD7A25C46965002AEC45 /* FirestoreCodableSamplesApp.swift in Sources */,
			);
			runOnlyForDeploymentPostprocessing = 0;
		};
/* End PBXSourcesBuildPhase section */

/* Begin XCBuildConfiguration section */
		8845BD8325C46967002AEC45 /* Debug */ = {
			isa = XCBuildConfiguration;
			buildSettings = {
				ALWAYS_SEARCH_USER_PATHS = NO;
				CLANG_ANALYZER_NONNULL = YES;
				CLANG_ANALYZER_NUMBER_OBJECT_CONVERSION = YES_AGGRESSIVE;
				CLANG_CXX_LANGUAGE_STANDARD = "gnu++14";
				CLANG_CXX_LIBRARY = "libc++";
				CLANG_ENABLE_MODULES = YES;
				CLANG_ENABLE_OBJC_ARC = YES;
				CLANG_ENABLE_OBJC_WEAK = YES;
				CLANG_WARN_BLOCK_CAPTURE_AUTORELEASING = YES;
				CLANG_WARN_BOOL_CONVERSION = YES;
				CLANG_WARN_COMMA = YES;
				CLANG_WARN_CONSTANT_CONVERSION = YES;
				CLANG_WARN_DEPRECATED_OBJC_IMPLEMENTATIONS = YES;
				CLANG_WARN_DIRECT_OBJC_ISA_USAGE = YES_ERROR;
				CLANG_WARN_DOCUMENTATION_COMMENTS = YES;
				CLANG_WARN_EMPTY_BODY = YES;
				CLANG_WARN_ENUM_CONVERSION = YES;
				CLANG_WARN_INFINITE_RECURSION = YES;
				CLANG_WARN_INT_CONVERSION = YES;
				CLANG_WARN_NON_LITERAL_NULL_CONVERSION = YES;
				CLANG_WARN_OBJC_IMPLICIT_RETAIN_SELF = YES;
				CLANG_WARN_OBJC_LITERAL_CONVERSION = YES;
				CLANG_WARN_OBJC_ROOT_CLASS = YES_ERROR;
				CLANG_WARN_QUOTED_INCLUDE_IN_FRAMEWORK_HEADER = YES;
				CLANG_WARN_RANGE_LOOP_ANALYSIS = YES;
				CLANG_WARN_STRICT_PROTOTYPES = YES;
				CLANG_WARN_SUSPICIOUS_MOVE = YES;
				CLANG_WARN_UNGUARDED_AVAILABILITY = YES_AGGRESSIVE;
				CLANG_WARN_UNREACHABLE_CODE = YES;
				CLANG_WARN__DUPLICATE_METHOD_MATCH = YES;
				COPY_PHASE_STRIP = NO;
				DEBUG_INFORMATION_FORMAT = dwarf;
				ENABLE_STRICT_OBJC_MSGSEND = YES;
				ENABLE_TESTABILITY = YES;
				GCC_C_LANGUAGE_STANDARD = gnu11;
				GCC_DYNAMIC_NO_PIC = NO;
				GCC_NO_COMMON_BLOCKS = YES;
				GCC_OPTIMIZATION_LEVEL = 0;
				GCC_PREPROCESSOR_DEFINITIONS = (
					"DEBUG=1",
					"$(inherited)",
				);
				GCC_WARN_64_TO_32_BIT_CONVERSION = YES;
				GCC_WARN_ABOUT_RETURN_TYPE = YES_ERROR;
				GCC_WARN_UNDECLARED_SELECTOR = YES;
				GCC_WARN_UNINITIALIZED_AUTOS = YES_AGGRESSIVE;
				GCC_WARN_UNUSED_FUNCTION = YES;
				GCC_WARN_UNUSED_VARIABLE = YES;
				IPHONEOS_DEPLOYMENT_TARGET = 14.4;
				MTL_ENABLE_DEBUG_INFO = INCLUDE_SOURCE;
				MTL_FAST_MATH = YES;
				ONLY_ACTIVE_ARCH = YES;
				SDKROOT = iphoneos;
				SWIFT_ACTIVE_COMPILATION_CONDITIONS = DEBUG;
				SWIFT_OPTIMIZATION_LEVEL = "-Onone";
			};
			name = Debug;
		};
		8845BD8425C46967002AEC45 /* Release */ = {
			isa = XCBuildConfiguration;
			buildSettings = {
				ALWAYS_SEARCH_USER_PATHS = NO;
				CLANG_ANALYZER_NONNULL = YES;
				CLANG_ANALYZER_NUMBER_OBJECT_CONVERSION = YES_AGGRESSIVE;
				CLANG_CXX_LANGUAGE_STANDARD = "gnu++14";
				CLANG_CXX_LIBRARY = "libc++";
				CLANG_ENABLE_MODULES = YES;
				CLANG_ENABLE_OBJC_ARC = YES;
				CLANG_ENABLE_OBJC_WEAK = YES;
				CLANG_WARN_BLOCK_CAPTURE_AUTORELEASING = YES;
				CLANG_WARN_BOOL_CONVERSION = YES;
				CLANG_WARN_COMMA = YES;
				CLANG_WARN_CONSTANT_CONVERSION = YES;
				CLANG_WARN_DEPRECATED_OBJC_IMPLEMENTATIONS = YES;
				CLANG_WARN_DIRECT_OBJC_ISA_USAGE = YES_ERROR;
				CLANG_WARN_DOCUMENTATION_COMMENTS = YES;
				CLANG_WARN_EMPTY_BODY = YES;
				CLANG_WARN_ENUM_CONVERSION = YES;
				CLANG_WARN_INFINITE_RECURSION = YES;
				CLANG_WARN_INT_CONVERSION = YES;
				CLANG_WARN_NON_LITERAL_NULL_CONVERSION = YES;
				CLANG_WARN_OBJC_IMPLICIT_RETAIN_SELF = YES;
				CLANG_WARN_OBJC_LITERAL_CONVERSION = YES;
				CLANG_WARN_OBJC_ROOT_CLASS = YES_ERROR;
				CLANG_WARN_QUOTED_INCLUDE_IN_FRAMEWORK_HEADER = YES;
				CLANG_WARN_RANGE_LOOP_ANALYSIS = YES;
				CLANG_WARN_STRICT_PROTOTYPES = YES;
				CLANG_WARN_SUSPICIOUS_MOVE = YES;
				CLANG_WARN_UNGUARDED_AVAILABILITY = YES_AGGRESSIVE;
				CLANG_WARN_UNREACHABLE_CODE = YES;
				CLANG_WARN__DUPLICATE_METHOD_MATCH = YES;
				COPY_PHASE_STRIP = NO;
				DEBUG_INFORMATION_FORMAT = "dwarf-with-dsym";
				ENABLE_NS_ASSERTIONS = NO;
				ENABLE_STRICT_OBJC_MSGSEND = YES;
				GCC_C_LANGUAGE_STANDARD = gnu11;
				GCC_NO_COMMON_BLOCKS = YES;
				GCC_WARN_64_TO_32_BIT_CONVERSION = YES;
				GCC_WARN_ABOUT_RETURN_TYPE = YES_ERROR;
				GCC_WARN_UNDECLARED_SELECTOR = YES;
				GCC_WARN_UNINITIALIZED_AUTOS = YES_AGGRESSIVE;
				GCC_WARN_UNUSED_FUNCTION = YES;
				GCC_WARN_UNUSED_VARIABLE = YES;
				IPHONEOS_DEPLOYMENT_TARGET = 14.4;
				MTL_ENABLE_DEBUG_INFO = NO;
				MTL_FAST_MATH = YES;
				SDKROOT = iphoneos;
				SWIFT_COMPILATION_MODE = wholemodule;
				SWIFT_OPTIMIZATION_LEVEL = "-O";
				VALIDATE_PRODUCT = YES;
			};
			name = Release;
		};
		8845BD8625C46967002AEC45 /* Debug */ = {
			isa = XCBuildConfiguration;
			buildSettings = {
				ASSETCATALOG_COMPILER_APPICON_NAME = AppIcon;
				ASSETCATALOG_COMPILER_GLOBAL_ACCENT_COLOR_NAME = AccentColor;
				CODE_SIGN_STYLE = Automatic;
				DEVELOPMENT_ASSET_PATHS = "\"FirestoreCodableSamples/Preview Content\"";
				DEVELOPMENT_TEAM = YGAZHQXHH4;
				ENABLE_PREVIEWS = YES;
				INFOPLIST_FILE = FirestoreCodableSamples/Info.plist;
				IPHONEOS_DEPLOYMENT_TARGET = 14.0;
				LD_RUNPATH_SEARCH_PATHS = (
					"$(inherited)",
					"@executable_path/Frameworks",
				);
				PRODUCT_BUNDLE_IDENTIFIER = dev.peterfriese.FirestoreCodableSamples;
				PRODUCT_NAME = "$(TARGET_NAME)";
				SWIFT_VERSION = 5.0;
				TARGETED_DEVICE_FAMILY = "1,2";
			};
			name = Debug;
		};
		8845BD8725C46967002AEC45 /* Release */ = {
			isa = XCBuildConfiguration;
			buildSettings = {
				ASSETCATALOG_COMPILER_APPICON_NAME = AppIcon;
				ASSETCATALOG_COMPILER_GLOBAL_ACCENT_COLOR_NAME = AccentColor;
				CODE_SIGN_STYLE = Automatic;
				DEVELOPMENT_ASSET_PATHS = "\"FirestoreCodableSamples/Preview Content\"";
				DEVELOPMENT_TEAM = YGAZHQXHH4;
				ENABLE_PREVIEWS = YES;
				INFOPLIST_FILE = FirestoreCodableSamples/Info.plist;
				IPHONEOS_DEPLOYMENT_TARGET = 14.0;
				LD_RUNPATH_SEARCH_PATHS = (
					"$(inherited)",
					"@executable_path/Frameworks",
				);
				PRODUCT_BUNDLE_IDENTIFIER = dev.peterfriese.FirestoreCodableSamples;
				PRODUCT_NAME = "$(TARGET_NAME)";
				SWIFT_VERSION = 5.0;
				TARGETED_DEVICE_FAMILY = "1,2";
			};
			name = Release;
		};
/* End XCBuildConfiguration section */

/* Begin XCConfigurationList section */
		8845BD7125C46965002AEC45 /* Build configuration list for PBXProject "FirestoreCodableSamples" */ = {
			isa = XCConfigurationList;
			buildConfigurations = (
				8845BD8325C46967002AEC45 /* Debug */,
				8845BD8425C46967002AEC45 /* Release */,
			);
			defaultConfigurationIsVisible = 0;
			defaultConfigurationName = Release;
		};
		8845BD8525C46967002AEC45 /* Build configuration list for PBXNativeTarget "FirestoreCodableSamples" */ = {
			isa = XCConfigurationList;
			buildConfigurations = (
				8845BD8625C46967002AEC45 /* Debug */,
				8845BD8725C46967002AEC45 /* Release */,
			);
			defaultConfigurationIsVisible = 0;
			defaultConfigurationName = Release;
		};
/* End XCConfigurationList section */

/* Begin XCRemoteSwiftPackageReference section */
		887DD2AB25C479C4003F7A99 /* XCRemoteSwiftPackageReference "firebase-ios-sdk" */ = {
			isa = XCRemoteSwiftPackageReference;
			repositoryURL = "https://github.com/firebase/firebase-ios-sdk";
			requirement = {
				kind = upToNextMajorVersion;
				minimumVersion = 7.5.0;
			};
		};
/* End XCRemoteSwiftPackageReference section */

/* Begin XCSwiftPackageProductDependency section */
		887DD2AE25C479FD003F7A99 /* FirebaseFirestoreSwift-Beta */ = {
			isa = XCSwiftPackageProductDependency;
			package = 887DD2AB25C479C4003F7A99 /* XCRemoteSwiftPackageReference "firebase-ios-sdk" */;
			productName = "FirebaseFirestoreSwift-Beta";
		};
/* End XCSwiftPackageProductDependency section */
	};
	rootObject = 8845BD6E25C46965002AEC45 /* Project object */;
}
